
Microsoft Visual Studio Solution File, Format Version 12.00
Project("{FAE04EC0-301F-11D3-BF4B-00C04F79EFBC}") = "TestAssignmentEpam", "TestAssignmentEpam\TestAssignmentEpam.csproj", "{68A8E939-30A0-4E60-90E4-39247EE16C1D}"
EndProject
Project("{FAE04EC0-301F-11D3-BF4B-00C04F79EFBC}") = "UnitTests", "UnitTests\UnitTests.csproj", "{409D1218-2EDF-4BAF-AE2C-05605D13D21C}"
EndProject
Project("{FAE04EC0-301F-11D3-BF4B-00C04F79EFBC}") = "ComponentTests", "ComponentTests\ComponentTests.csproj", "{79539EC0-864D-4798-B370-FFC9E67BCD17}"
EndProject
Global
	GlobalSection(SolutionConfigurationPlatforms) = preSolution
		Debug|Any CPU = Debug|Any CPU
		Release|Any CPU = Release|Any CPU
	EndGlobalSection
	GlobalSection(ProjectConfigurationPlatforms) = postSolution
		{68A8E939-30A0-4E60-90E4-39247EE16C1D}.Debug|Any CPU.ActiveCfg = Debug|Any CPU
		{68A8E939-30A0-4E60-90E4-39247EE16C1D}.Debug|Any CPU.Build.0 = Debug|Any CPU
		{68A8E939-30A0-4E60-90E4-39247EE16C1D}.Release|Any CPU.ActiveCfg = Release|Any CPU
		{68A8E939-30A0-4E60-90E4-39247EE16C1D}.Release|Any CPU.Build.0 = Release|Any CPU
		{409D1218-2EDF-4BAF-AE2C-05605D13D21C}.Debug|Any CPU.ActiveCfg = Debug|Any CPU
		{409D1218-2EDF-4BAF-AE2C-05605D13D21C}.Debug|Any CPU.Build.0 = Debug|Any CPU
		{409D1218-2EDF-4BAF-AE2C-05605D13D21C}.Release|Any CPU.ActiveCfg = Release|Any CPU
		{409D1218-2EDF-4BAF-AE2C-05605D13D21C}.Release|Any CPU.Build.0 = Release|Any CPU
		{79539EC0-864D-4798-B370-FFC9E67BCD17}.Debug|Any CPU.ActiveCfg = Debug|Any CPU
		{79539EC0-864D-4798-B370-FFC9E67BCD17}.Debug|Any CPU.Build.0 = Debug|Any CPU
		{79539EC0-864D-4798-B370-FFC9E67BCD17}.Release|Any CPU.ActiveCfg = Release|Any CPU
		{79539EC0-864D-4798-B370-FFC9E67BCD17}.Release|Any CPU.Build.0 = Release|Any CPU
	EndGlobalSection
EndGlobal
